
Microsoft Visual Studio Solution File, Format Version 12.00
# Visual Studio 15
VisualStudioVersion = 15.0.27004.2010
MinimumVisualStudioVersion = 10.0.40219.1
Project("{FAE04EC0-301F-11D3-BF4B-00C04F79EFBC}") = "Apresentacao", "Apresentacao\Apresentacao.csproj", "{1A8FE455-5EC2-4084-8B3E-A9DB6BAE25DF}"
EndProject
Global
	GlobalSection(SolutionConfigurationPlatforms) = preSolution
		Debug|Any CPU = Debug|Any CPU
		Release|Any CPU = Release|Any CPU
	EndGlobalSection
	GlobalSection(ProjectConfigurationPlatforms) = postSolution
		{1A8FE455-5EC2-4084-8B3E-A9DB6BAE25DF}.Debug|Any CPU.ActiveCfg = Debug|Any CPU
		{1A8FE455-5EC2-4084-8B3E-A9DB6BAE25DF}.Debug|Any CPU.Build.0 = Debug|Any CPU
		{1A8FE455-5EC2-4084-8B3E-A9DB6BAE25DF}.Release|Any CPU.ActiveCfg = Release|Any CPU
		{1A8FE455-5EC2-4084-8B3E-A9DB6BAE25DF}.Release|Any CPU.Build.0 = Release|Any CPU
	EndGlobalSection
	GlobalSection(SolutionProperties) = preSolution
		HideSolutionNode = FALSE
	EndGlobalSection
	GlobalSection(ExtensibilityGlobals) = postSolution
		SolutionGuid = {9CC98C48-7408-4C7E-B486-584C1D85E8BC}
	EndGlobalSection
EndGlobal
